<?xml version="1.0" encoding="utf-8"?>
<Project ToolsVersion="4.0" xmlns="http://schemas.microsoft.com/developer/msbuild/2003">
  <ItemGroup>
    <Filter Include="リソース ファイル">
      <UniqueIdentifier>{67DA6AB6-F800-4c08-8B7A-83BB121AAD01}</UniqueIdentifier>
      <Extensions>rc;ico;cur;bmp;dlg;rc2;rct;bin;rgs;gif;jpg;jpeg;jpe;resx;tiff;tif;png;wav;mfcribbon-ms</Extensions>
    </Filter>
    <Filter Include="01Engine">
      <UniqueIdentifier>{e5fccdcb-f299-4448-bdb6-01fa28039576}</UniqueIdentifier>
    </Filter>
    <Filter Include="01Engine\Collider">
      <UniqueIdentifier>{7f19ecfb-5d70-4d31-a1f7-c9dd14bad324}</UniqueIdentifier>
    </Filter>
    <Filter Include="01Engine\DirectX">
      <UniqueIdentifier>{e56f8c9a-95a5-4ceb-b65f-5b8e572d087b}</UniqueIdentifier>
    </Filter>
    <Filter Include="01Engine\GameObject">
      <UniqueIdentifier>{b450e438-c939-4b05-b319-0e3c0b4a335c}</UniqueIdentifier>
    </Filter>
    <Filter Include="01Engine\ResourceManager">
      <UniqueIdentifier>{bedee914-5063-4c08-95bb-79c861b4969c}</UniqueIdentifier>
    </Filter>
    <Filter Include="02Shader">
      <UniqueIdentifier>{47a6a3f5-8cfd-436b-8d58-beccd108f3f3}</UniqueIdentifier>
      <Extensions>hlsl</Extensions>
    </Filter>
    <Filter Include="01Engine\Base">
      <UniqueIdentifier>{c7dfde10-5c30-4478-ae6e-1b0dbf39b2f5}</UniqueIdentifier>
    </Filter>
    <Filter Include="Scene">
      <UniqueIdentifier>{ff2bccf7-1f4e-4295-89be-774408b3da28}</UniqueIdentifier>
    </Filter>
    <Filter Include="01Engine\Component">
      <UniqueIdentifier>{d6da072f-736b-46cf-bffd-0560d9fb28cb}</UniqueIdentifier>
    </Filter>
    <Filter Include="01Engine\Component\Transform">
      <UniqueIdentifier>{979a0ea7-0fde-4855-9c9a-1799ff203359}</UniqueIdentifier>
    </Filter>
    <Filter Include="State">
      <UniqueIdentifier>{044c7c29-63b4-490a-b14e-a77098cda496}</UniqueIdentifier>
    </Filter>
  </ItemGroup>
  <ItemGroup>
    <ClCompile Include="Engine\BoxCollider.cpp">
      <Filter>01Engine\Collider</Filter>
    </ClCompile>
    <ClCompile Include="Engine\Collider.cpp">
      <Filter>01Engine\Collider</Filter>
    </ClCompile>
    <ClCompile Include="Engine\SphereCollider.cpp">
      <Filter>01Engine\Collider</Filter>
    </ClCompile>
    <ClCompile Include="Engine\Direct3D.cpp">
      <Filter>01Engine\DirectX</Filter>
    </ClCompile>
    <ClCompile Include="Engine\Fbx.cpp">
      <Filter>01Engine\DirectX</Filter>
    </ClCompile>
    <ClCompile Include="Engine\FbxParts.cpp">
      <Filter>01Engine\DirectX</Filter>
    </ClCompile>
    <ClCompile Include="Engine\Input.cpp">
      <Filter>01Engine\DirectX</Filter>
    </ClCompile>
    <ClCompile Include="Engine\Sprite.cpp">
      <Filter>01Engine\DirectX</Filter>
    </ClCompile>
    <ClCompile Include="Engine\Camera.cpp">
      <Filter>01Engine\GameObject</Filter>
    </ClCompile>
    <ClCompile Include="Engine\GameObject.cpp">
      <Filter>01Engine\GameObject</Filter>
    </ClCompile>
    <ClCompile Include="Engine\RootObject.cpp">
      <Filter>01Engine\GameObject</Filter>
    </ClCompile>
    <ClCompile Include="Engine\CsvReader.cpp">
      <Filter>01Engine\ResourceManager</Filter>
    </ClCompile>
    <ClCompile Include="Engine\Image.cpp">
      <Filter>01Engine\ResourceManager</Filter>
    </ClCompile>
    <ClCompile Include="Engine\Model.cpp">
      <Filter>01Engine\ResourceManager</Filter>
    </ClCompile>
    <ClCompile Include="Engine\Main.cpp">
      <Filter>01Engine</Filter>
    </ClCompile>
    <ClCompile Include="Engine\Texture.cpp">
      <Filter>01Engine\DirectX</Filter>
    </ClCompile>
    <ClCompile Include="Engine\Audio.cpp">
      <Filter>01Engine\ResourceManager</Filter>
    </ClCompile>
    <ClCompile Include="Engine\Text.cpp">
      <Filter>01Engine\ResourceManager</Filter>
    </ClCompile>
    <ClCompile Include="Engine\Debug.cpp">
      <Filter>01Engine\ResourceManager</Filter>
    </ClCompile>
    <ClCompile Include="Engine\BillBoard.cpp">
      <Filter>01Engine\DirectX</Filter>
    </ClCompile>
    <ClCompile Include="Engine\VFX.cpp">
      <Filter>01Engine\ResourceManager</Filter>
    </ClCompile>
    <ClCompile Include="Engine\SolidObject.cpp">
      <Filter>01Engine\Base</Filter>
    </ClCompile>
    <ClCompile Include="SplashScene.cpp">
      <Filter>Scene</Filter>
    </ClCompile>
    <ClCompile Include="TestScene.cpp">
      <Filter>Scene</Filter>
    </ClCompile>
    <ClCompile Include="Engine\Transition.cpp">
      <Filter>01Engine</Filter>
    </ClCompile>
    <ClCompile Include="Engine\Component\Component.cpp">
      <Filter>01Engine\Component</Filter>
    </ClCompile>
    <ClCompile Include="Engine\SceneManager.cpp">
      <Filter>01Engine</Filter>
    </ClCompile>
    <ClCompile Include="Engine\Component\Transform\Transform.cpp">
      <Filter>01Engine\Component\Transform</Filter>
    </ClCompile>
    <ClCompile Include="Player.cpp" />
    <ClCompile Include="Stage.cpp" />
    <ClCompile Include="TitleScene.cpp">
      <Filter>Scene</Filter>
    </ClCompile>
    <ClCompile Include="ResultScene.cpp">
      <Filter>Scene</Filter>
    </ClCompile>
    <ClCompile Include="PlayerState.cpp">
      <Filter>State</Filter>
    </ClCompile>
    <ClCompile Include="PlayerStateManager.cpp">
      <Filter>State</Filter>
    </ClCompile>
    <ClCompile Include="RunningState.cpp">
      <Filter>State</Filter>
    </ClCompile>
    <ClCompile Include="StandingState.cpp">
      <Filter>State</Filter>
    </ClCompile>
    <ClCompile Include="AudioManager.cpp" />
    <ClCompile Include="jumpingState.cpp">
      <Filter>State</Filter>
    </ClCompile>
    <ClCompile Include="DeadState.cpp">
      <Filter>State</Filter>
    </ClCompile>
    <ClCompile Include="JetState.cpp">
      <Filter>State</Filter>
    </ClCompile>
    <ClCompile Include="MovieState.cpp" />
    <ClCompile Include="DebugObject.cpp" />
    <ClCompile Include="MovieState.cpp">
      <Filter>State</Filter>
    </ClCompile>
    <ClCompile Include="PolyLine.cpp">
      <Filter>01Engine\DirectX</Filter>
    </ClCompile>
    <ClCompile Include="StageSelectScene.cpp">
      <Filter>Scene</Filter>
    </ClCompile>
    <ClCompile Include="PlayScene.cpp">
      <Filter>Scene</Filter>
    </ClCompile>
  </ItemGroup>
  <ItemGroup>
    <ClInclude Include="Engine\BoxCollider.h">
      <Filter>01Engine\Collider</Filter>
    </ClInclude>
    <ClInclude Include="Engine\Collider.h">
      <Filter>01Engine\Collider</Filter>
    </ClInclude>
    <ClInclude Include="Engine\SphereCollider.h">
      <Filter>01Engine\Collider</Filter>
    </ClInclude>
    <ClInclude Include="Engine\Direct3D.h">
      <Filter>01Engine\DirectX</Filter>
    </ClInclude>
    <ClInclude Include="Engine\Fbx.h">
      <Filter>01Engine\DirectX</Filter>
    </ClInclude>
    <ClInclude Include="Engine\FbxParts.h">
      <Filter>01Engine\DirectX</Filter>
    </ClInclude>
    <ClInclude Include="Engine\Input.h">
      <Filter>01Engine\DirectX</Filter>
    </ClInclude>
    <ClInclude Include="Engine\Sprite.h">
      <Filter>01Engine\DirectX</Filter>
    </ClInclude>
    <ClInclude Include="Engine\Camera.h">
      <Filter>01Engine\GameObject</Filter>
    </ClInclude>
    <ClInclude Include="Engine\GameObject.h">
      <Filter>01Engine\GameObject</Filter>
    </ClInclude>
    <ClInclude Include="Engine\RootObject.h">
      <Filter>01Engine\GameObject</Filter>
    </ClInclude>
    <ClInclude Include="Engine\CsvReader.h">
      <Filter>01Engine\ResourceManager</Filter>
    </ClInclude>
    <ClInclude Include="Engine\Image.h">
      <Filter>01Engine\ResourceManager</Filter>
    </ClInclude>
    <ClInclude Include="Engine\Model.h">
      <Filter>01Engine\ResourceManager</Filter>
    </ClInclude>
    <ClInclude Include="Engine\Global.h">
      <Filter>01Engine</Filter>
    </ClInclude>
    <ClInclude Include="Engine\SceneManager.h">
      <Filter>01Engine</Filter>
    </ClInclude>
    <ClInclude Include="Engine\Texture.h">
      <Filter>01Engine\DirectX</Filter>
    </ClInclude>
    <ClInclude Include="Engine\Audio.h">
      <Filter>01Engine\ResourceManager</Filter>
    </ClInclude>
    <ClInclude Include="Engine\Text.h">
      <Filter>01Engine\ResourceManager</Filter>
    </ClInclude>
    <ClInclude Include="Engine\Debug.h">
      <Filter>01Engine\ResourceManager</Filter>
    </ClInclude>
    <ClInclude Include="Engine\BillBoard.h">
      <Filter>01Engine\DirectX</Filter>
    </ClInclude>
    <ClInclude Include="Engine\VFX.h">
      <Filter>01Engine\ResourceManager</Filter>
    </ClInclude>
    <ClInclude Include="Engine\SolidObject.h">
      <Filter>01Engine\Base</Filter>
    </ClInclude>
    <ClInclude Include="SplashScene.h">
      <Filter>Scene</Filter>
    </ClInclude>
    <ClInclude Include="TestScene.h">
      <Filter>Scene</Filter>
    </ClInclude>
    <ClInclude Include="Engine\Transition.h">
      <Filter>01Engine</Filter>
    </ClInclude>
    <ClInclude Include="Engine\Component\Component.h">
      <Filter>01Engine\Component</Filter>
    </ClInclude>
    <ClInclude Include="Engine\Component\Transform\Transform.h">
      <Filter>01Engine\Component\Transform</Filter>
    </ClInclude>
    <ClInclude Include="Player.h" />
    <ClInclude Include="Stage.h" />
    <ClInclude Include="TitleScene.h">
      <Filter>Scene</Filter>
    </ClInclude>
    <ClInclude Include="ResultScene.h">
      <Filter>Scene</Filter>
    </ClInclude>
    <ClInclude Include="PlayerState.h">
      <Filter>State</Filter>
    </ClInclude>
    <ClInclude Include="PlayerStateManager.h">
      <Filter>State</Filter>
    </ClInclude>
    <ClInclude Include="RunningState.h">
      <Filter>State</Filter>
    </ClInclude>
    <ClInclude Include="StandingState.h">
      <Filter>State</Filter>
    </ClInclude>
    <ClInclude Include="AudioManager.h" />
    <ClInclude Include="jumpingState.h">
      <Filter>State</Filter>
    </ClInclude>
    <ClInclude Include="JetState.h">
      <Filter>State</Filter>
    </ClInclude>
    <ClInclude Include="PolyLine.h">
      <Filter>01Engine\DirectX</Filter>
    </ClInclude>
    <ClInclude Include="StageSelectScene.h">
      <Filter>Scene</Filter>
    </ClInclude>
    <ClInclude Include="PlayScene.h">
      <Filter>Scene</Filter>
    </ClInclude>
    <ClInclude Include="MovieState.h">
      <Filter>State</Filter>
    </ClInclude>
  </ItemGroup>
  <ItemGroup>
    <FxCompile Include="Assets\Shader\Simple2D.hlsl">
      <Filter>02Shader</Filter>
    </FxCompile>
    <FxCompile Include="Assets\Shader\Simple3D.hlsl">
      <Filter>02Shader</Filter>
    </FxCompile>
    <FxCompile Include="Assets\Shader\Debug3D.hlsl">
      <Filter>02Shader</Filter>
    </FxCompile>
    <FxCompile Include="Assets\Shader\BillBoard.hlsl">
      <Filter>02Shader</Filter>
    </FxCompile>
    <FxCompile Include="Assets\Shader\NoShade.hlsl">
      <Filter>02Shader</Filter>
    </FxCompile>
  </ItemGroup>
  <ItemGroup>
    <None Include="cpp.hint" />
  </ItemGroup>
</Project>